// !$*UTF8*$!
{
	archiveVersion = 1;
	classes = {
	};
	objectVersion = 46;
	objects = {
		5E618435888B9D49F8540165 = {
			buildActionMask = 2147483647;
			files = (
				);
			isa = PBXShellScriptBuildPhase;
			runOnlyForDeploymentPostprocessing = 0;
			name = "Qt Qmake";
			shellPath = "/bin/sh";
			shellScript = "make -C /Users/raytomatsu/Documents/repo_bergerb_fawcettm_shawcw_tomatsur/build-BeeProject-Qt_5_12_1_for_iOS-Release/GUIPackage -f GUI.xcodeproj/qt_makeqmake.mak";
			showEnvVarsInLog = "0";
		};
		4F433D585E8B529783F6E635 = {
			isa = PBXFileReference;
			path = "/Users/raytomatsu/Documents/repo_bergerb_fawcettm_shawcw_tomatsur/BeeProject/GUIPackage/main.cpp";
			name = "main.cpp";
			sourceTree = "<absolute>";
			lastKnownFileType = "sourcecode.cpp.cpp";
		};
		367D00968860842A716F8A57 = {
			fileRef = "4F433D585E8B529783F6E635";
			isa = PBXBuildFile;
			settings = {
				ATTRIBUTES = (
					);
			};
		};
		051FB8A8ED88D091D42A7D03 = {
			isa = PBXFileReference;
			path = "/Users/raytomatsu/Documents/repo_bergerb_fawcettm_shawcw_tomatsur/BeeProject/GUIPackage/mainwindow.cpp";
			name = "mainwindow.cpp";
			sourceTree = "<absolute>";
			lastKnownFileType = "sourcecode.cpp.cpp";
		};
		0E6476099EE039818C2BF1A8 = {
			fileRef = "051FB8A8ED88D091D42A7D03";
			isa = PBXBuildFile;
			settings = {
				ATTRIBUTES = (
					);
			};
		};
		5B40B3213BFD0E5348722D26 = {
			isa = PBXFileReference;
			path = "/Users/raytomatsu/Documents/repo_bergerb_fawcettm_shawcw_tomatsur/BeeProject/GUIPackage/hiveowner.cpp";
			name = "hiveowner.cpp";
			sourceTree = "<absolute>";
			lastKnownFileType = "sourcecode.cpp.cpp";
		};
		5B6BD2C17397B7299E843CB3 = {
			fileRef = "5B40B3213BFD0E5348722D26";
			isa = PBXBuildFile;
			settings = {
				ATTRIBUTES = (
					);
			};
		};
		933F45E273E2E903A20E1E2D = {
			isa = PBXFileReference;
			path = "/Users/raytomatsu/Documents/repo_bergerb_fawcettm_shawcw_tomatsur/BeeProject/GUIPackage/researcher.cpp";
			name = "researcher.cpp";
			sourceTree = "<absolute>";
			lastKnownFileType = "sourcecode.cpp.cpp";
		};
		D371AC367051C5C1195E8E97 = {
			fileRef = "933F45E273E2E903A20E1E2D";
			isa = PBXBuildFile;
			settings = {
				ATTRIBUTES = (
					);
			};
		};
		E5B380DD1F9B81C6244A6B98 = {
			isa = PBXFileReference;
			path = "/Users/raytomatsu/Documents/repo_bergerb_fawcettm_shawcw_tomatsur/BeeProject/GUIPackage/requestinfo.cpp";
			name = "requestinfo.cpp";
			sourceTree = "<absolute>";
			lastKnownFileType = "sourcecode.cpp.cpp";
		};
		8507CD0B4FD930BF881C14EE = {
			fileRef = "E5B380DD1F9B81C6244A6B98";
			isa = PBXBuildFile;
			settings = {
				ATTRIBUTES = (
					);
			};
		};
		FB0C2AB83D1587A91D66F16D = {
			isa = PBXFileReference;
			path = "/Users/raytomatsu/Documents/repo_bergerb_fawcettm_shawcw_tomatsur/BeeProject/GUIPackage/confighive.cpp";
			name = "confighive.cpp";
			sourceTree = "<absolute>";
			lastKnownFileType = "sourcecode.cpp.cpp";
		};
		B64578EA5BC686D51DEF3992 = {
			fileRef = "FB0C2AB83D1587A91D66F16D";
			isa = PBXBuildFile;
			settings = {
				ATTRIBUTES = (
					);
			};
		};
		219FEF45172D21EA3C9F0163 = {
			isa = PBXFileReference;
			path = "/Users/raytomatsu/Documents/repo_bergerb_fawcettm_shawcw_tomatsur/BeeProject/GUIPackage/updatehive.cpp";
			name = "updatehive.cpp";
			sourceTree = "<absolute>";
			lastKnownFileType = "sourcecode.cpp.cpp";
		};
		B864BA569CB78D92FB25FE64 = {
			fileRef = "219FEF45172D21EA3C9F0163";
			isa = PBXBuildFile;
			settings = {
				ATTRIBUTES = (
					);
			};
		};
		45D0E79804486629CD504ECB = {
			isa = PBXFileReference;
			path = "/Users/raytomatsu/Documents/repo_bergerb_fawcettm_shawcw_tomatsur/build-BeeProject-Qt_5_12_1_for_iOS-Release/GUIPackage/gui_plugin_import.cpp";
			name = "gui_plugin_import.cpp";
			sourceTree = "<absolute>";
			lastKnownFileType = "sourcecode.cpp.cpp";
		};
		00CED783C37CC152BCA7153C = {
			fileRef = "45D0E79804486629CD504ECB";
			isa = PBXBuildFile;
			settings = {
				ATTRIBUTES = (
					);
			};
		};
		31C5C65486DE22C2AECECD53 = {
			isa = PBXFileReference;
			path = "/Users/raytomatsu/Documents/repo_bergerb_fawcettm_shawcw_tomatsur/build-BeeProject-Qt_5_12_1_for_iOS-Release/GUIPackage/qrc_resource.cpp";
			name = "qrc_resource.cpp";
			sourceTree = "<absolute>";
			lastKnownFileType = "sourcecode.cpp.cpp";
		};
		8A5C4DFF7F05D51D4A3EEC2C = {
			fileRef = "31C5C65486DE22C2AECECD53";
			isa = PBXBuildFile;
			settings = {
				ATTRIBUTES = (
					);
			};
		};
		C8959C2CF7B29874FE0A30EE = {
			isa = PBXFileReference;
			path = "/Users/raytomatsu/Documents/repo_bergerb_fawcettm_shawcw_tomatsur/build-BeeProject-Qt_5_12_1_for_iOS-Release/GUIPackage/moc_mainwindow.cpp";
			name = "moc_mainwindow.cpp";
			sourceTree = "<absolute>";
			lastKnownFileType = "sourcecode.cpp.cpp";
		};
		D40CA845306AB6B23CF8E17E = {
			fileRef = "C8959C2CF7B29874FE0A30EE";
			isa = PBXBuildFile;
			settings = {
				ATTRIBUTES = (
					);
			};
		};
		87ACC2B1E73FBFADAEC01A85 = {
			isa = PBXFileReference;
			path = "/Users/raytomatsu/Documents/repo_bergerb_fawcettm_shawcw_tomatsur/build-BeeProject-Qt_5_12_1_for_iOS-Release/GUIPackage/moc_hiveowner.cpp";
			name = "moc_hiveowner.cpp";
			sourceTree = "<absolute>";
			lastKnownFileType = "sourcecode.cpp.cpp";
		};
		1333A96DA3488B61779B94C2 = {
			fileRef = "87ACC2B1E73FBFADAEC01A85";
			isa = PBXBuildFile;
			settings = {
				ATTRIBUTES = (
					);
			};
		};
		2240B752525C57E3E4773582 = {
			isa = PBXFileReference;
			path = "/Users/raytomatsu/Documents/repo_bergerb_fawcettm_shawcw_tomatsur/build-BeeProject-Qt_5_12_1_for_iOS-Release/GUIPackage/moc_researcher.cpp";
			name = "moc_researcher.cpp";
			sourceTree = "<absolute>";
			lastKnownFileType = "sourcecode.cpp.cpp";
		};
		6E1BDCD4D54BD0CD50BD299E = {
			fileRef = "2240B752525C57E3E4773582";
			isa = PBXBuildFile;
			settings = {
				ATTRIBUTES = (
					);
			};
		};
		88967F2EADA20E557E3A7DA9 = {
			isa = PBXFileReference;
			path = "/Users/raytomatsu/Documents/repo_bergerb_fawcettm_shawcw_tomatsur/build-BeeProject-Qt_5_12_1_for_iOS-Release/GUIPackage/moc_requestinfo.cpp";
			name = "moc_requestinfo.cpp";
			sourceTree = "<absolute>";
			lastKnownFileType = "sourcecode.cpp.cpp";
		};
		0B27442569E0134658DFA0C4 = {
			fileRef = "88967F2EADA20E557E3A7DA9";
			isa = PBXBuildFile;
			settings = {
				ATTRIBUTES = (
					);
			};
		};
		AD3A13A31D663ADB7DE88913 = {
			isa = PBXFileReference;
			path = "/Users/raytomatsu/Documents/repo_bergerb_fawcettm_shawcw_tomatsur/build-BeeProject-Qt_5_12_1_for_iOS-Release/GUIPackage/moc_confighive.cpp";
			name = "moc_confighive.cpp";
			sourceTree = "<absolute>";
			lastKnownFileType = "sourcecode.cpp.cpp";
		};
		2F5DD79CC9E7D9A1D1CECE1F = {
			fileRef = "AD3A13A31D663ADB7DE88913";
			isa = PBXBuildFile;
			settings = {
				ATTRIBUTES = (
					);
			};
		};
		39495DD1430FCD59D60DAD67 = {
			isa = PBXFileReference;
			path = "/Users/raytomatsu/Documents/repo_bergerb_fawcettm_shawcw_tomatsur/build-BeeProject-Qt_5_12_1_for_iOS-Release/GUIPackage/moc_updatehive.cpp";
			name = "moc_updatehive.cpp";
			sourceTree = "<absolute>";
			lastKnownFileType = "sourcecode.cpp.cpp";
		};
		5009A231B0C468CC685408C3 = {
			fileRef = "39495DD1430FCD59D60DAD67";
			isa = PBXBuildFile;
			settings = {
				ATTRIBUTES = (
					);
			};
		};
		50DBB376E632BDBE3EEC5BF5 = {
			isa = PBXFileReference;
			path = "/Users/raytomatsu/Documents/repo_bergerb_fawcettm_shawcw_tomatsur/build-BeeProject-Qt_5_12_1_for_iOS-Release/GUIPackage/ui_mainwindow.h";
			name = "ui_mainwindow.h";
			sourceTree = "<absolute>";
			lastKnownFileType = "sourcecode.c.h";
		};
		4731F8BA7E498B87B78AE13E = {
			isa = PBXFileReference;
			path = "/Users/raytomatsu/Documents/repo_bergerb_fawcettm_shawcw_tomatsur/build-BeeProject-Qt_5_12_1_for_iOS-Release/GUIPackage/ui_hiveowner.h";
			name = "ui_hiveowner.h";
			sourceTree = "<absolute>";
			lastKnownFileType = "sourcecode.c.h";
		};
		B35A83DBCB556F257EA738AA = {
			isa = PBXFileReference;
			path = "/Users/raytomatsu/Documents/repo_bergerb_fawcettm_shawcw_tomatsur/build-BeeProject-Qt_5_12_1_for_iOS-Release/GUIPackage/ui_researcher.h";
			name = "ui_researcher.h";
			sourceTree = "<absolute>";
			lastKnownFileType = "sourcecode.c.h";
		};
		CC1DA8D13A0A5E00F789C48E = {
			isa = PBXFileReference;
			path = "/Users/raytomatsu/Documents/repo_bergerb_fawcettm_shawcw_tomatsur/build-BeeProject-Qt_5_12_1_for_iOS-Release/GUIPackage/ui_requestinfo.h";
			name = "ui_requestinfo.h";
			sourceTree = "<absolute>";
			lastKnownFileType = "sourcecode.c.h";
		};
		BB49431AAB8EDDDDF11FC242 = {
			isa = PBXFileReference;
			path = "/Users/raytomatsu/Documents/repo_bergerb_fawcettm_shawcw_tomatsur/build-BeeProject-Qt_5_12_1_for_iOS-Release/GUIPackage/ui_confighive.h";
			name = "ui_confighive.h";
			sourceTree = "<absolute>";
			lastKnownFileType = "sourcecode.c.h";
		};
		6055E82F46B4817118A9C159 = {
			isa = PBXFileReference;
			path = "/Users/raytomatsu/Documents/repo_bergerb_fawcettm_shawcw_tomatsur/build-BeeProject-Qt_5_12_1_for_iOS-Release/GUIPackage/ui_updatehive.h";
			name = "ui_updatehive.h";
			sourceTree = "<absolute>";
			lastKnownFileType = "sourcecode.c.h";
		};
		52C58A35A53AAFDFD75704FF = {
			isa = PBXFileReference;
			path = "/Users/raytomatsu/Documents/repo_bergerb_fawcettm_shawcw_tomatsur/BeeProject/GUIPackage/mainwindow.h";
			name = "mainwindow.h";
			sourceTree = "<absolute>";
			lastKnownFileType = "sourcecode.c.h";
		};
		089C523D4C268463DAC5E5C7 = {
			isa = PBXFileReference;
			path = "/Users/raytomatsu/Documents/repo_bergerb_fawcettm_shawcw_tomatsur/BeeProject/GUIPackage/hiveowner.h";
			name = "hiveowner.h";
			sourceTree = "<absolute>";
			lastKnownFileType = "sourcecode.c.h";
		};
		46A36849EEADAE81B42B184B = {
			isa = PBXFileReference;
			path = "/Users/raytomatsu/Documents/repo_bergerb_fawcettm_shawcw_tomatsur/BeeProject/GUIPackage/researcher.h";
			name = "researcher.h";
			sourceTree = "<absolute>";
			lastKnownFileType = "sourcecode.c.h";
		};
		28C195F4028F1BDC0C9F7625 = {
			isa = PBXFileReference;
			path = "/Users/raytomatsu/Documents/repo_bergerb_fawcettm_shawcw_tomatsur/BeeProject/GUIPackage/requestinfo.h";
			name = "requestinfo.h";
			sourceTree = "<absolute>";
			lastKnownFileType = "sourcecode.c.h";
		};
		9929ED7D07D14B8A426728DD = {
			isa = PBXFileReference;
			path = "/Users/raytomatsu/Documents/repo_bergerb_fawcettm_shawcw_tomatsur/BeeProject/GUIPackage/confighive.h";
			name = "confighive.h";
			sourceTree = "<absolute>";
			lastKnownFileType = "sourcecode.c.h";
		};
		6B9A45881052BD5291C8542E = {
			isa = PBXFileReference;
			path = "/Users/raytomatsu/Documents/repo_bergerb_fawcettm_shawcw_tomatsur/BeeProject/GUIPackage/updatehive.h";
			name = "updatehive.h";
			sourceTree = "<absolute>";
			lastKnownFileType = "sourcecode.c.h";
		};
		AABC20DE29910DEF04CDEB57 = {
			isa = PBXFileReference;
			path = "/Users/raytomatsu/Documents/repo_bergerb_fawcettm_shawcw_tomatsur/BeeProject/GUIPackage/resource.qrc";
			name = "resource.qrc";
			sourceTree = "<absolute>";
			lastKnownFileType = "text";
		};
		D2985271151BE21A814C2C12 = {
			fileRef = "AABC20DE29910DEF04CDEB57";
			isa = PBXBuildFile;
			settings = {
				ATTRIBUTES = (
					);
			};
		};
		CE8C91E4F405194EBC66AE17 = {
			isa = PBXFileReference;
			path = "/Users/raytomatsu/Documents/repo_bergerb_fawcettm_shawcw_tomatsur/BeeProject/GUIPackage/mainwindow.ui";
			name = "mainwindow.ui";
			sourceTree = "<absolute>";
		};
		1A33A50EA9F628994894C9B0 = {
			fileRef = "CE8C91E4F405194EBC66AE17";
			isa = PBXBuildFile;
			settings = {
				ATTRIBUTES = (
					);
			};
		};
		1AADA8B891C0B194A839EF15 = {
			isa = PBXFileReference;
			path = "/Users/raytomatsu/Documents/repo_bergerb_fawcettm_shawcw_tomatsur/BeeProject/GUIPackage/hiveowner.ui";
			name = "hiveowner.ui";
			sourceTree = "<absolute>";
		};
		67C78FAC64DA0B71ACF986B9 = {
			fileRef = "1AADA8B891C0B194A839EF15";
			isa = PBXBuildFile;
			settings = {
				ATTRIBUTES = (
					);
			};
		};
		CB7D7466C1AC4FA4CC55A3D9 = {
			isa = PBXFileReference;
			path = "/Users/raytomatsu/Documents/repo_bergerb_fawcettm_shawcw_tomatsur/BeeProject/GUIPackage/researcher.ui";
			name = "researcher.ui";
			sourceTree = "<absolute>";
		};
		888FBA7D3B919E9166520C3E = {
			fileRef = "CB7D7466C1AC4FA4CC55A3D9";
			isa = PBXBuildFile;
			settings = {
				ATTRIBUTES = (
					);
			};
		};
		0570B921EE2FABF93599D076 = {
			isa = PBXFileReference;
			path = "/Users/raytomatsu/Documents/repo_bergerb_fawcettm_shawcw_tomatsur/BeeProject/GUIPackage/requestinfo.ui";
			name = "requestinfo.ui";
			sourceTree = "<absolute>";
		};
		7812D8BA449240689A340F02 = {
			fileRef = "0570B921EE2FABF93599D076";
			isa = PBXBuildFile;
			settings = {
				ATTRIBUTES = (
					);
			};
		};
		B03194A374605FFDAD07EEB3 = {
			isa = PBXFileReference;
			path = "/Users/raytomatsu/Documents/repo_bergerb_fawcettm_shawcw_tomatsur/BeeProject/GUIPackage/confighive.ui";
			name = "confighive.ui";
			sourceTree = "<absolute>";
		};
		A6A175CB228B7C2C6FA5E03E = {
			fileRef = "B03194A374605FFDAD07EEB3";
			isa = PBXBuildFile;
			settings = {
				ATTRIBUTES = (
					);
			};
		};
		C2AE21042416AC5FCD0C26C7 = {
			isa = PBXFileReference;
			path = "/Users/raytomatsu/Documents/repo_bergerb_fawcettm_shawcw_tomatsur/BeeProject/GUIPackage/updatehive.ui";
			name = "updatehive.ui";
			sourceTree = "<absolute>";
		};
		309822A70B4E515A8030A851 = {
			fileRef = "C2AE21042416AC5FCD0C26C7";
			isa = PBXBuildFile;
			settings = {
				ATTRIBUTES = (
					);
			};
		};
		E5FCF94966838AD4D346589D = {
			isa = PBXFileReference;
			path = "/Users/raytomatsu/Documents/repo_bergerb_fawcettm_shawcw_tomatsur/build-BeeProject-Qt_5_12_1_for_iOS-Release/GUIPackage/GUIPackage.pro";
			name = "GUIPackage.pro";
			sourceTree = "<absolute>";
			lastKnownFileType = "text";
		};
		C40458D036CA808AF209ED82 = {
			isa = PBXFileReference;
			path = "/Users/raytomatsu/Documents/.qmake.stash";
			name = ".qmake.stash";
			sourceTree = "<absolute>";
		};
		2122CD988FF909FA768D0E73 = {
			isa = PBXFileReference;
			path = "/Users/raytomatsu/Documents/repo_bergerb_fawcettm_shawcw_tomatsur/BeeProject/GUIPackage/GUIPackage.pro";
			name = "GUIPackage.pro";
			sourceTree = "<absolute>";
			lastKnownFileType = "text";
		};
		25B08E2869634E9BCBA333A2 = {
			isa = PBXGroup;
			children = (
				"45D0E79804486629CD504ECB",
				"31C5C65486DE22C2AECECD53",
				"C8959C2CF7B29874FE0A30EE",
				"87ACC2B1E73FBFADAEC01A85",
				"2240B752525C57E3E4773582",
				"88967F2EADA20E557E3A7DA9",
				"AD3A13A31D663ADB7DE88913",
				"39495DD1430FCD59D60DAD67",
				"50DBB376E632BDBE3EEC5BF5",
				"4731F8BA7E498B87B78AE13E",
				"B35A83DBCB556F257EA738AA",
				"CC1DA8D13A0A5E00F789C48E",
				"BB49431AAB8EDDDDF11FC242",
				"6055E82F46B4817118A9C159");
			name = "Generated Sources";
			sourceTree = "<group>";
		};
		87DF60DE337FB58864343E39 = {
			isa = PBXGroup;
			children = (
				"AABC20DE29910DEF04CDEB57");
			name = "Resources";
			sourceTree = "<group>";
		};
		2EB56BE3C2D93CDAB0C52E67 = {
			isa = PBXGroup;
			children = (
				"4F433D585E8B529783F6E635",
				"051FB8A8ED88D091D42A7D03",
				"5B40B3213BFD0E5348722D26",
				"933F45E273E2E903A20E1E2D",
				"E5B380DD1F9B81C6244A6B98",
				"FB0C2AB83D1587A91D66F16D",
				"219FEF45172D21EA3C9F0163",
				"52C58A35A53AAFDFD75704FF",
				"089C523D4C268463DAC5E5C7",
				"46A36849EEADAE81B42B184B",
				"28C195F4028F1BDC0C9F7625",
				"9929ED7D07D14B8A426728DD",
				"6B9A45881052BD5291C8542E");
			name = "Sources";
			sourceTree = "<group>";
		};
		12E908B8A1C3C07C115504F5 = {
			isa = PBXGroup;
			children = (
				"CE8C91E4F405194EBC66AE17",
				"1AADA8B891C0B194A839EF15",
				"CB7D7466C1AC4FA4CC55A3D9",
				"0570B921EE2FABF93599D076",
				"B03194A374605FFDAD07EEB3",
				"C2AE21042416AC5FCD0C26C7");
			name = "Sources [uic]";
			sourceTree = "<group>";
		};
		74B182DB50CB5611B5C1C297 = {
			isa = PBXGroup;
			children = (
				"E5FCF94966838AD4D346589D",
				"C40458D036CA808AF209ED82",
				"2122CD988FF909FA768D0E73");
			name = "Supporting Files";
			sourceTree = "<group>";
		};
		7EF0942E79C014DCEC8976BC = {
			buildActionMask = 2147483647;
			files = (
				);
			isa = PBXShellScriptBuildPhase;
			runOnlyForDeploymentPostprocessing = 0;
			name = "Qt Preprocessors";
			shellPath = "/bin/sh";
			shellScript = "make -C /Users/raytomatsu/Documents/repo_bergerb_fawcettm_shawcw_tomatsur/build-BeeProject-Qt_5_12_1_for_iOS-Release/GUIPackage -f GUI.xcodeproj/qt_preprocess.mak";
			showEnvVarsInLog = "0";
		};
		F7E50F631C51CD5B5DC0BC43 = {
			buildActionMask = 2147483647;
			files = (
				"367D00968860842A716F8A57",
				"0E6476099EE039818C2BF1A8",
				"5B6BD2C17397B7299E843CB3",
				"D371AC367051C5C1195E8E97",
				"8507CD0B4FD930BF881C14EE",
				"B64578EA5BC686D51DEF3992",
				"B864BA569CB78D92FB25FE64",
				"00CED783C37CC152BCA7153C",
				"8A5C4DFF7F05D51D4A3EEC2C",
				"D40CA845306AB6B23CF8E17E",
				"1333A96DA3488B61779B94C2",
				"6E1BDCD4D54BD0CD50BD299E",
				"0B27442569E0134658DFA0C4",
				"2F5DD79CC9E7D9A1D1CECE1F",
				"5009A231B0C468CC685408C3");
			isa = PBXSourcesBuildPhase;
			runOnlyForDeploymentPostprocessing = 0;
			name = "Compile Sources";
		};
		FCC237CA5AD60B9BA4447615 = {
			isa = PBXFileReference;
			name = "Foundation.framework";
			path = "/System/Library/Frameworks/Foundation.framework";
			refType = 0;
			sourceTree = "<absolute>";
			lastKnownFileType = "wrapper.framework";
		};
		F26454630C80841CBDCFE1CA = {
			fileRef = "FCC237CA5AD60B9BA4447615";
			isa = PBXBuildFile;
			settings = {
			};
		};
		7EC00404ACD5AB0E97726B0E = {
			isa = PBXFileReference;
			name = "QuartzCore.framework";
			path = "/System/Library/Frameworks/QuartzCore.framework";
			refType = 0;
			sourceTree = "<absolute>";
			lastKnownFileType = "wrapper.framework";
		};
		B460F624007324313696BE86 = {
			fileRef = "7EC00404ACD5AB0E97726B0E";
			isa = PBXBuildFile;
			settings = {
			};
		};
		3C44131FDCFEF4396B9EA2BA = {
			isa = PBXFileReference;
			name = "AudioToolbox.framework";
			path = "/System/Library/Frameworks/AudioToolbox.framework";
			refType = 0;
			sourceTree = "<absolute>";
			lastKnownFileType = "wrapper.framework";
		};
		4EB68D0C8182BCE33529C421 = {
			fileRef = "3C44131FDCFEF4396B9EA2BA";
			isa = PBXBuildFile;
			settings = {
			};
		};
		4D765E1B1EA6C757220C63E7 = {
			isa = PBXFileReference;
			name = "CoreFoundation.framework";
			path = "/System/Library/Frameworks/CoreFoundation.framework";
			refType = 0;
			sourceTree = "<absolute>";
			lastKnownFileType = "wrapper.framework";
		};
		F8B465CE34D8DF87AAE95913 = {
			fileRef = "4D765E1B1EA6C757220C63E7";
			isa = PBXBuildFile;
			settings = {
			};
		};
		6AE3EC31EE5BB1FCEE84137C = {
			isa = PBXFileReference;
			name = "CoreGraphics.framework";
			path = "/System/Library/Frameworks/CoreGraphics.framework";
			refType = 0;
			sourceTree = "<absolute>";
			lastKnownFileType = "wrapper.framework";
		};
		0CE02722F00CAD43741297B5 = {
			fileRef = "6AE3EC31EE5BB1FCEE84137C";
			isa = PBXBuildFile;
			settings = {
			};
		};
		7D7B02101166B76FD2D4F8B4 = {
			isa = PBXFileReference;
			name = "CoreText.framework";
			path = "/System/Library/Frameworks/CoreText.framework";
			refType = 0;
			sourceTree = "<absolute>";
			lastKnownFileType = "wrapper.framework";
		};
		2B02D9DC58A01E45248DDBCE = {
			fileRef = "7D7B02101166B76FD2D4F8B4";
			isa = PBXBuildFile;
			settings = {
			};
		};
		3A8EF9C62A8D4790CBB89CEA = {
			isa = PBXFileReference;
			name = "ImageIO.framework";
			path = "/System/Library/Frameworks/ImageIO.framework";
			refType = 0;
			sourceTree = "<absolute>";
			lastKnownFileType = "wrapper.framework";
		};
		61EEC397DC8556BF8C4E36A7 = {
			fileRef = "3A8EF9C62A8D4790CBB89CEA";
			isa = PBXBuildFile;
			settings = {
			};
		};
		EE45FDC3A98E49FE9C9E100D = {
			isa = PBXFileReference;
			name = "qios";
			path = "/Users/raytomatsu/Qt/5.12.1/ios/plugins/platforms/libqios$(QT_LIBRARY_SUFFIX).a";
			refType = 0;
			sourceTree = "<absolute>";
		};
		83B9BCC8EAA7D9A4B424A0C1 = {
			fileRef = "EE45FDC3A98E49FE9C9E100D";
			isa = PBXBuildFile;
			settings = {
			};
		};
		03C5664AF39DB51B5923C494 = {
			isa = PBXFileReference;
			name = "Qt5FontDatabaseSupport";
			path = "/Users/raytomatsu/Qt/5.12.1/ios/lib/libQt5FontDatabaseSupport$(QT_LIBRARY_SUFFIX).a";
			refType = 0;
			sourceTree = "<absolute>";
		};
		13026B7BEEE198A99899ED11 = {
			fileRef = "03C5664AF39DB51B5923C494";
			isa = PBXBuildFile;
			settings = {
			};
		};
		7215E25821B3A3D15CD642BD = {
			isa = PBXFileReference;
			name = "libqtfreetype.a";
			path = "/Users/raytomatsu/Qt/5.12.1/ios/lib/libqtfreetype.a";
			refType = 0;
			sourceTree = "<absolute>";
		};
		0DD9B52D77A91537FE017982 = {
			fileRef = "7215E25821B3A3D15CD642BD";
			isa = PBXBuildFile;
			settings = {
			};
		};
		60748A1C6BB992ED00562742 = {
			isa = PBXFileReference;
			name = "Qt5GraphicsSupport";
			path = "/Users/raytomatsu/Qt/5.12.1/ios/lib/libQt5GraphicsSupport$(QT_LIBRARY_SUFFIX).a";
			refType = 0;
			sourceTree = "<absolute>";
		};
		E97F075EDD03A68CCA98DD22 = {
			fileRef = "60748A1C6BB992ED00562742";
			isa = PBXBuildFile;
			settings = {
			};
		};
		905A8B69D7377F58F58ADBAB = {
			isa = PBXFileReference;
			name = "Qt5ClipboardSupport";
			path = "/Users/raytomatsu/Qt/5.12.1/ios/lib/libQt5ClipboardSupport$(QT_LIBRARY_SUFFIX).a";
			refType = 0;
			sourceTree = "<absolute>";
		};
		199878B00C14D84625F8D5B0 = {
			fileRef = "905A8B69D7377F58F58ADBAB";
			isa = PBXBuildFile;
			settings = {
			};
		};
		9D142586FAF9B806308D15BE = {
			isa = PBXFileReference;
			name = "qgif";
			path = "/Users/raytomatsu/Qt/5.12.1/ios/plugins/imageformats/libqgif$(QT_LIBRARY_SUFFIX).a";
			refType = 0;
			sourceTree = "<absolute>";
		};
		4B85D7A16A1B84CE94C5E8E4 = {
			fileRef = "9D142586FAF9B806308D15BE";
			isa = PBXBuildFile;
			settings = {
			};
		};
		8326DBA96DEB9F41B244732D = {
			isa = PBXFileReference;
			name = "qicns";
			path = "/Users/raytomatsu/Qt/5.12.1/ios/plugins/imageformats/libqicns$(QT_LIBRARY_SUFFIX).a";
			refType = 0;
			sourceTree = "<absolute>";
		};
		27FE5ACC7539D5D8F54E9D53 = {
			fileRef = "8326DBA96DEB9F41B244732D";
			isa = PBXBuildFile;
			settings = {
			};
		};
		28C98B30430DD437872226D4 = {
			isa = PBXFileReference;
			name = "qico";
			path = "/Users/raytomatsu/Qt/5.12.1/ios/plugins/imageformats/libqico$(QT_LIBRARY_SUFFIX).a";
			refType = 0;
			sourceTree = "<absolute>";
		};
		6A7374EA34A14F0E360620E5 = {
			fileRef = "28C98B30430DD437872226D4";
			isa = PBXBuildFile;
			settings = {
			};
		};
		B1B38B3FEF73F8123EC16624 = {
			isa = PBXFileReference;
			name = "qjpeg";
			path = "/Users/raytomatsu/Qt/5.12.1/ios/plugins/imageformats/libqjpeg$(QT_LIBRARY_SUFFIX).a";
			refType = 0;
			sourceTree = "<absolute>";
		};
		92B13A97C942FA8961D018D5 = {
			fileRef = "B1B38B3FEF73F8123EC16624";
			isa = PBXBuildFile;
			settings = {
			};
		};
		9725FD1E1662530BB5227896 = {
			isa = PBXFileReference;
			name = "qmacheif";
			path = "/Users/raytomatsu/Qt/5.12.1/ios/plugins/imageformats/libqmacheif$(QT_LIBRARY_SUFFIX).a";
			refType = 0;
			sourceTree = "<absolute>";
		};
		474A4EB00FA24BA0129968C1 = {
			fileRef = "9725FD1E1662530BB5227896";
			isa = PBXBuildFile;
			settings = {
			};
		};
		97066AEA6112FDD49627F9EB = {
			isa = PBXFileReference;
			name = "qmacjp2";
			path = "/Users/raytomatsu/Qt/5.12.1/ios/plugins/imageformats/libqmacjp2$(QT_LIBRARY_SUFFIX).a";
			refType = 0;
			sourceTree = "<absolute>";
		};
		6C30380EF1A3EA37D152781F = {
			fileRef = "97066AEA6112FDD49627F9EB";
			isa = PBXBuildFile;
			settings = {
			};
		};
		449BA5E13F0DA66AEC98AC87 = {
			isa = PBXFileReference;
			name = "qtga";
			path = "/Users/raytomatsu/Qt/5.12.1/ios/plugins/imageformats/libqtga$(QT_LIBRARY_SUFFIX).a";
			refType = 0;
			sourceTree = "<absolute>";
		};
		4F9100F142335778BC7CA42C = {
			fileRef = "449BA5E13F0DA66AEC98AC87";
			isa = PBXBuildFile;
			settings = {
			};
		};
		E85837A251A6259FE43E9162 = {
			isa = PBXFileReference;
			name = "qtiff";
			path = "/Users/raytomatsu/Qt/5.12.1/ios/plugins/imageformats/libqtiff$(QT_LIBRARY_SUFFIX).a";
			refType = 0;
			sourceTree = "<absolute>";
		};
		517CB4A527CA6493285A52E4 = {
			fileRef = "E85837A251A6259FE43E9162";
			isa = PBXBuildFile;
			settings = {
			};
		};
		40DF33407F411A0C11FDF23B = {
			isa = PBXFileReference;
			name = "qwbmp";
			path = "/Users/raytomatsu/Qt/5.12.1/ios/plugins/imageformats/libqwbmp$(QT_LIBRARY_SUFFIX).a";
			refType = 0;
			sourceTree = "<absolute>";
		};
		141CE0328AAF472874E22F1B = {
			fileRef = "40DF33407F411A0C11FDF23B";
			isa = PBXBuildFile;
			settings = {
			};
		};
		AD82C3A373E7079C7C79C21F = {
			isa = PBXFileReference;
			name = "qwebp";
			path = "/Users/raytomatsu/Qt/5.12.1/ios/plugins/imageformats/libqwebp$(QT_LIBRARY_SUFFIX).a";
			refType = 0;
			sourceTree = "<absolute>";
		};
		1E81BDE97B5B60948B4D00BF = {
			fileRef = "AD82C3A373E7079C7C79C21F";
			isa = PBXBuildFile;
			settings = {
			};
		};
		B4134E366EFC6678067AFC4D = {
			isa = PBXFileReference;
			name = "qgenericbearer";
			path = "/Users/raytomatsu/Qt/5.12.1/ios/plugins/bearer/libqgenericbearer$(QT_LIBRARY_SUFFIX).a";
			refType = 0;
			sourceTree = "<absolute>";
		};
		7A9D465D7E79C2CD14907D2E = {
			fileRef = "B4134E366EFC6678067AFC4D";
			isa = PBXBuildFile;
			settings = {
			};
		};
		205259EEEE2BADA5E64741E3 = {
			isa = PBXFileReference;
			name = "Security.framework";
			path = "/System/Library/Frameworks/Security.framework";
			refType = 0;
			sourceTree = "<absolute>";
			lastKnownFileType = "wrapper.framework";
		};
		15364689D2AB5A30E87A689F = {
			fileRef = "205259EEEE2BADA5E64741E3";
			isa = PBXBuildFile;
			settings = {
			};
		};
		04EA35D85F87C0B2D97AA6C1 = {
			isa = PBXFileReference;
			name = "Qt5Widgets";
			path = "/Users/raytomatsu/Qt/5.12.1/ios/lib/libQt5Widgets$(QT_LIBRARY_SUFFIX).a";
			refType = 0;
			sourceTree = "<absolute>";
		};
		97792C8437F05DD7EA9432F0 = {
			fileRef = "04EA35D85F87C0B2D97AA6C1";
			isa = PBXBuildFile;
			settings = {
			};
		};
		E5D7C5B482F02BB3A8AC95E7 = {
			isa = PBXFileReference;
			name = "Qt5Gui";
			path = "/Users/raytomatsu/Qt/5.12.1/ios/lib/libQt5Gui$(QT_LIBRARY_SUFFIX).a";
			refType = 0;
			sourceTree = "<absolute>";
		};
		05C8FAB499445A27B6A6C9D5 = {
			fileRef = "E5D7C5B482F02BB3A8AC95E7";
			isa = PBXBuildFile;
			settings = {
			};
		};
		15331C7C57B5FEEB83ADFF98 = {
			isa = PBXFileReference;
			name = "libqtlibpng.a";
			path = "/Users/raytomatsu/Qt/5.12.1/ios/lib/libqtlibpng.a";
			refType = 0;
			sourceTree = "<absolute>";
		};
		6FF0B17FF9D24248F4BA400D = {
			fileRef = "15331C7C57B5FEEB83ADFF98";
			isa = PBXBuildFile;
			settings = {
			};
		};
		9AE3C4F95CDBBB8CFBA96C9C = {
			isa = PBXFileReference;
			name = "libqtharfbuzz.a";
			path = "/Users/raytomatsu/Qt/5.12.1/ios/lib/libqtharfbuzz.a";
			refType = 0;
			sourceTree = "<absolute>";
		};
		8B0A71839AC2110959064C82 = {
			fileRef = "9AE3C4F95CDBBB8CFBA96C9C";
			isa = PBXBuildFile;
			settings = {
			};
		};
		3A838FFC7823338D9863EC36 = {
			isa = PBXFileReference;
			name = "Qt5Network";
			path = "/Users/raytomatsu/Qt/5.12.1/ios/lib/libQt5Network$(QT_LIBRARY_SUFFIX).a";
			refType = 0;
			sourceTree = "<absolute>";
		};
		98E1C9AE485140215B1CC2EF = {
			fileRef = "3A838FFC7823338D9863EC36";
			isa = PBXBuildFile;
			settings = {
			};
		};
		922ABC56446079C648034B50 = {
			isa = PBXFileReference;
			name = "Qt5Core";
			path = "/Users/raytomatsu/Qt/5.12.1/ios/lib/libQt5Core$(QT_LIBRARY_SUFFIX).a";
			refType = 0;
			sourceTree = "<absolute>";
		};
		DE032C946796B3265F061FA3 = {
			fileRef = "922ABC56446079C648034B50";
			isa = PBXBuildFile;
			settings = {
			};
		};
		C2F06A2C654D59435AB07602 = {
			isa = PBXFileReference;
			name = "libqtpcre2.a";
			path = "/Users/raytomatsu/Qt/5.12.1/ios/lib/libqtpcre2.a";
			refType = 0;
			sourceTree = "<absolute>";
		};
		A5DB9BF953CEFD98D008122D = {
			fileRef = "C2F06A2C654D59435AB07602";
			isa = PBXBuildFile;
			settings = {
			};
		};
		AF39DD055C3EF8226FBE929D = {
			children = (
				"FCC237CA5AD60B9BA4447615",
				"7EC00404ACD5AB0E97726B0E",
				"3C44131FDCFEF4396B9EA2BA",
				"4D765E1B1EA6C757220C63E7",
				"6AE3EC31EE5BB1FCEE84137C",
				"7D7B02101166B76FD2D4F8B4",
				"3A8EF9C62A8D4790CBB89CEA",
				"EE45FDC3A98E49FE9C9E100D",
				"03C5664AF39DB51B5923C494",
				"7215E25821B3A3D15CD642BD",
				"60748A1C6BB992ED00562742",
				"905A8B69D7377F58F58ADBAB",
				"9D142586FAF9B806308D15BE",
				"8326DBA96DEB9F41B244732D",
				"28C98B30430DD437872226D4",
				"B1B38B3FEF73F8123EC16624",
				"9725FD1E1662530BB5227896",
				"97066AEA6112FDD49627F9EB",
				"449BA5E13F0DA66AEC98AC87",
				"E85837A251A6259FE43E9162",
				"40DF33407F411A0C11FDF23B",
				"AD82C3A373E7079C7C79C21F",
				"B4134E366EFC6678067AFC4D",
				"205259EEEE2BADA5E64741E3",
				"04EA35D85F87C0B2D97AA6C1",
				"E5D7C5B482F02BB3A8AC95E7",
				"15331C7C57B5FEEB83ADFF98",
				"9AE3C4F95CDBBB8CFBA96C9C",
				"3A838FFC7823338D9863EC36",
				"922ABC56446079C648034B50",
				"C2F06A2C654D59435AB07602");
			isa = PBXGroup;
			name = "Frameworks";
			sourceTree = "<group>";
		};
		D1C883685E82D5676953459A = {
			buildActionMask = 2147483647;
			files = (
				"F26454630C80841CBDCFE1CA",
				"B460F624007324313696BE86",
				"4EB68D0C8182BCE33529C421",
				"F8B465CE34D8DF87AAE95913",
				"0CE02722F00CAD43741297B5",
				"2B02D9DC58A01E45248DDBCE",
				"61EEC397DC8556BF8C4E36A7",
				"83B9BCC8EAA7D9A4B424A0C1",
				"13026B7BEEE198A99899ED11",
				"0DD9B52D77A91537FE017982",
				"E97F075EDD03A68CCA98DD22",
				"199878B00C14D84625F8D5B0",
				"4B85D7A16A1B84CE94C5E8E4",
				"27FE5ACC7539D5D8F54E9D53",
				"6A7374EA34A14F0E360620E5",
				"92B13A97C942FA8961D018D5",
				"474A4EB00FA24BA0129968C1",
				"6C30380EF1A3EA37D152781F",
				"4F9100F142335778BC7CA42C",
				"517CB4A527CA6493285A52E4",
				"141CE0328AAF472874E22F1B",
				"1E81BDE97B5B60948B4D00BF",
				"7A9D465D7E79C2CD14907D2E",
				"15364689D2AB5A30E87A689F",
				"97792C8437F05DD7EA9432F0",
				"05C8FAB499445A27B6A6C9D5",
				"6FF0B17FF9D24248F4BA400D",
				"8B0A71839AC2110959064C82",
				"98E1C9AE485140215B1CC2EF",
				"DE032C946796B3265F061FA3",
				"A5DB9BF953CEFD98D008122D");
			isa = PBXFrameworksBuildPhase;
			runOnlyForDeploymentPostprocessing = 0;
			name = "Link Binary With Libraries";
		};
		2676402C09EB9301981EF2B7 = {
			isa = PBXFileReference;
			path = "/Users/raytomatsu/Documents/repo_bergerb_fawcettm_shawcw_tomatsur/build-BeeProject-Qt_5_12_1_for_iOS-Release/GUIPackage/GUI.xcodeproj/Default-568h@2x.png";
			name = "Default-568h@2x.png";
			sourceTree = "<absolute>";
		};
		3EDD3626610765FF557FD9C0 = {
			fileRef = "2676402C09EB9301981EF2B7";
			isa = PBXBuildFile;
		};
		B8B0E47F714793AD40ABD619 = {
			isa = PBXFileReference;
			path = "/Users/raytomatsu/Documents/repo_bergerb_fawcettm_shawcw_tomatsur/build-BeeProject-Qt_5_12_1_for_iOS-Release/GUIPackage/GUI.xcodeproj/LaunchScreen.xib";
			name = "LaunchScreen.xib";
			sourceTree = "<absolute>";
		};
		614230B37F9D412B94C6C6B9 = {
			fileRef = "B8B0E47F714793AD40ABD619";
			isa = PBXBuildFile;
		};
		858FCAB0EB1F29CF8B07677C = {
			children = (
				"2676402C09EB9301981EF2B7",
				"B8B0E47F714793AD40ABD619");
			isa = PBXGroup;
			name = "Bundle Data";
			sourceTree = "<group>";
		};
		30414803F31797EB689AE508 = {
			buildActionMask = 2147483647;
			files = (
				"3EDD3626610765FF557FD9C0",
				"614230B37F9D412B94C6C6B9");
			isa = PBXResourcesBuildPhase;
			runOnlyForDeploymentPostprocessing = 0;
			name = "Copy Bundle Resources";
		};
		99542592E9780B9225F24AA8 = {
			isa = PBXCopyFilesBuildPhase;
			buildActionMask = 2147483647;
			dstPath = "";
			dstSubfolderSpec = 10;
			files = (
				);
			name = "Embed Frameworks";
			runOnlyForDeploymentPostprocessing = 0;
		};
		52D3C029600D726FA50B389E = {
			isa = PBXFileReference;
			includeInIndex = 0;
			explicitFileType = "wrapper.application";
			path = "GUI.app";
			sourceTree = BUILT_PRODUCTS_DIR;
		};
		FE0A091FDBFB3E9C31B7A1BD = {
			children = (
				"52D3C029600D726FA50B389E");
			isa = PBXGroup;
			name = "Products";
			sourceTree = "<group>";
		};
		E8C543AB96796ECAA2E65C57 = {
			children = (
				"2EB56BE3C2D93CDAB0C52E67",
				"25B08E2869634E9BCBA333A2",
				"87DF60DE337FB58864343E39",
				"12E908B8A1C3C07C115504F5",
				"74B182DB50CB5611B5C1C297",
				"AF39DD055C3EF8226FBE929D",
				"858FCAB0EB1F29CF8B07677C",
				"FE0A091FDBFB3E9C31B7A1BD");
			isa = PBXGroup;
			name = "GUI";
			sourceTree = "<group>";
		};
		F6C62FFF18D663900E297523 = {
			buildPhases = (
				"5E618435888B9D49F8540165",
				"7EF0942E79C014DCEC8976BC");
			dependencies = (
				);
			buildConfigurationList = 6CC3B5D2136C7CD6A5CF5A59;
			isa = PBXAggregateTarget;
			buildRules = (
);
			productName = "Qt Preprocess";
			name = "Qt Preprocess";
		};
		9218C61FC062AFC4CA9BF9DA = {
			isa = PBXTargetDependency;
			target = "F6C62FFF18D663900E297523";
		};
		DA0F20DAD0B01E18EAFE123C = {
			buildPhases = (
				"F7E50F631C51CD5B5DC0BC43",
				"D1C883685E82D5676953459A",
				"30414803F31797EB689AE508",
				"99542592E9780B9225F24AA8");
			dependencies = (
				"9218C61FC062AFC4CA9BF9DA");
			productReference = "52D3C029600D726FA50B389E";
			buildConfigurationList = 6CC3B5D2136C7CD6A5CF5A59;
			isa = PBXNativeTarget;
			buildRules = (
);
			productType = "com.apple.product-type.application";
			name = "GUI";
			productName = "GUI";
		};
		3AA6C32AC930069E80220CF1 = {
			isa = XCBuildConfiguration;
			buildSettings = {
				APPLICATION_EXTENSION_API_ONLY = "NO";
				"ARCHS[sdk=iphoneos*]" = "arm64";
				"ARCHS[sdk=iphonesimulator*]" = "x86_64";
				COPY_PHASE_STRIP = "NO";
				DEBUG_INFORMATION_FORMAT = "dwarf";
				ENABLE_BITCODE = "YES";
				GCC_OPTIMIZATION_LEVEL = "0";
				ONLY_ACTIVE_ARCH = "YES";
				PRODUCT_BUNDLE_IDENTIFIER = "com.yourcompany.${PRODUCT_NAME:rfc1034identifier}";
				PRODUCT_NAME = "GUI";
				"QMAKE_MAC_SDK_PATH[sdk=iphoneos*]" = "/Applications/Xcode.app/Contents/Developer/Platforms/iPhoneOS.platform/Developer/SDKs/iPhoneOS12.2.sdk";
				"QMAKE_MAC_SDK_PATH[sdk=iphonesimulator*]" = "/Applications/Xcode.app/Contents/Developer/Platforms/iPhoneSimulator.platform/Developer/SDKs/iPhoneSimulator12.2.sdk";
				"QMAKE_MAC_SDK_PLATFORM_PATH[sdk=iphoneos*]" = "/Applications/Xcode.app/Contents/Developer/Platforms/iPhoneOS.platform";
				"QMAKE_MAC_SDK_PLATFORM_PATH[sdk=iphonesimulator*]" = "/Applications/Xcode.app/Contents/Developer/Platforms/iPhoneSimulator.platform";
				QMAKE_PKGINFO_TYPEINFO = "????";
				QT_LIBRARY_SUFFIX = "_debug";
				SDKROOT = "iphoneos";
				TARGETED_DEVICE_FAMILY = "1,2";
				GCC_VERSION = com.apple.compilers.llvm.clang.1_0;
				CC = "/Applications/Xcode.app/Contents/Developer/Toolchains/XcodeDefault.xctoolchain/usr/bin/clang";
				LDPLUSPLUS = "/Applications/Xcode.app/Contents/Developer/Toolchains/XcodeDefault.xctoolchain/usr/bin/clang++";
				INFOPLIST_FILE = "Info.plist";
				SYMROOT = "/Users/raytomatsu/Documents/repo_bergerb_fawcettm_shawcw_tomatsur/build-BeeProject-Qt_5_12_1_for_iOS-Release/GUIPackage/.xcode";
				CONFIGURATION_BUILD_DIR = "/Users/raytomatsu/Documents/repo_bergerb_fawcettm_shawcw_tomatsur/build-BeeProject-Qt_5_12_1_for_iOS-Release/GUIPackage/$(CONFIGURATION)$(EFFECTIVE_PLATFORM_NAME)";
				DYLIB_CURRENT_VERSION = "1.0.0";
				DYLIB_COMPATIBILITY_VERSION = "1.0";
				IPHONEOS_DEPLOYMENT_TARGET = "11.0";
				CODE_SIGN_IDENTITY = "iPhone Developer";
				HEADER_SEARCH_PATHS = (
					"../../BeeProject/GUIPackage",
					".",
					"../../../../Qt/5.12.1/ios/mkspecs/common/uikit",
					"../../../../Qt/5.12.1/ios/include",
					"../../../../Qt/5.12.1/ios/include/QtWidgets",
					"../../../../Qt/5.12.1/ios/include/QtGui",
					"../../../../Qt/5.12.1/ios/include/QtNetwork",
					"../../../../Qt/5.12.1/ios/include/QtCore",
					".",
					".",
					"../../../../Qt/5.12.1/ios/mkspecs/macx-ios-clang");
				LIBRARY_SEARCH_PATHS = (
					"/Users/raytomatsu/Qt/5.12.1/ios/plugins/platforms",
					"/System/Library/Frameworks/",
					"/Users/raytomatsu/Qt/5.12.1/ios/lib",
					"/Users/raytomatsu/Qt/5.12.1/ios/plugins/imageformats",
					"/Users/raytomatsu/Qt/5.12.1/ios/plugins/bearer");
				FRAMEWORK_SEARCH_PATHS = "";
				OTHER_CFLAGS = (
					"-pipe",
					"-O2",
					"-fobjc-nonfragile-abi",
					"-fobjc-legacy-dispatch",
					"-Wall",
					"-W",
					"-fPIC",
					"-DQT_COMPILER_SUPPORTS_SSE2",
					"-DQT_DEPRECATED_WARNINGS",
					"-DQT_NO_DEBUG",
					"-DQT_WIDGETS_LIB",
					"-DQT_GUI_LIB",
					"-DQT_NETWORK_LIB",
					"-DQT_CORE_LIB");
				OTHER_CPLUSPLUSFLAGS = (
					"-pipe",
					"-stdlib=libc++",
					"-O2",
					"-std=gnu++11",
					"-fobjc-nonfragile-abi",
					"-fobjc-legacy-dispatch",
					"-Wall",
					"-W",
					"-fPIC",
					"-DQT_COMPILER_SUPPORTS_SSE2",
					"-DQT_DEPRECATED_WARNINGS",
					"-DQT_NO_DEBUG",
					"-DQT_WIDGETS_LIB",
					"-DQT_GUI_LIB",
					"-DQT_NETWORK_LIB",
					"-DQT_CORE_LIB");
				OTHER_LDFLAGS = (
						"-stdlib=libc++",
						"-Wl,-e,_qt_main_wrapper",
						"-Wl,-rpath,@executable_path/Frameworks",
						"-L/Users/raytomatsu/Qt/5.12.1/ios/plugins/platforms",
						"-framework",
						"UIKit",
						"-framework",
						"AssetsLibrary",
						"-L/Users/raytomatsu/Qt/5.12.1/ios/lib",
						"-framework",
						"MobileCoreServices",
						"-framework",
						"OpenGLES",
						"-L/Users/raytomatsu/Qt/5.12.1/ios/plugins/imageformats",
						"-L/Users/raytomatsu/Qt/5.12.1/ios/plugins/bearer",
						"-lm");
				ARCHS = "arm64 x86_64";
			};
			name = "Debug";
		};
		77418F46922677BB04ED38DD = {
			isa = XCBuildConfiguration;
			buildSettings = {
				APPLICATION_EXTENSION_API_ONLY = "NO";
				"ARCHS[sdk=iphoneos*]" = "arm64";
				"ARCHS[sdk=iphonesimulator*]" = "x86_64";
				COPY_PHASE_STRIP = "NO";
				DEBUG_INFORMATION_FORMAT = "dwarf";
				ENABLE_BITCODE = "YES";
				GCC_OPTIMIZATION_LEVEL = "0";
				ONLY_ACTIVE_ARCH = "YES";
				PRODUCT_BUNDLE_IDENTIFIER = "com.yourcompany.${PRODUCT_NAME:rfc1034identifier}";
				PRODUCT_NAME = "GUI";
				"QMAKE_MAC_SDK_PATH[sdk=iphoneos*]" = "/Applications/Xcode.app/Contents/Developer/Platforms/iPhoneOS.platform/Developer/SDKs/iPhoneOS12.2.sdk";
				"QMAKE_MAC_SDK_PATH[sdk=iphonesimulator*]" = "/Applications/Xcode.app/Contents/Developer/Platforms/iPhoneSimulator.platform/Developer/SDKs/iPhoneSimulator12.2.sdk";
				"QMAKE_MAC_SDK_PLATFORM_PATH[sdk=iphoneos*]" = "/Applications/Xcode.app/Contents/Developer/Platforms/iPhoneOS.platform";
				"QMAKE_MAC_SDK_PLATFORM_PATH[sdk=iphonesimulator*]" = "/Applications/Xcode.app/Contents/Developer/Platforms/iPhoneSimulator.platform";
				QMAKE_PKGINFO_TYPEINFO = "????";
				QT_LIBRARY_SUFFIX = "_debug";
				SDKROOT = "iphoneos";
				TARGETED_DEVICE_FAMILY = "1,2";
				PRODUCT_NAME = "GUI";
			};
			name = "Debug";
		};
		339EE1B2CC4FC24589A0EA95 = {
			isa = XCBuildConfiguration;
			buildSettings = {
				APPLICATION_EXTENSION_API_ONLY = "NO";
				"ARCHS[sdk=iphoneos*]" = "arm64";
				"ARCHS[sdk=iphonesimulator*]" = "x86_64";
				COPY_PHASE_STRIP = "NO";
				ENABLE_BITCODE = "YES";
				PRODUCT_BUNDLE_IDENTIFIER = "com.yourcompany.${PRODUCT_NAME:rfc1034identifier}";
				PRODUCT_NAME = "GUI";
				"QMAKE_MAC_SDK_PATH[sdk=iphoneos*]" = "/Applications/Xcode.app/Contents/Developer/Platforms/iPhoneOS.platform/Developer/SDKs/iPhoneOS12.2.sdk";
				"QMAKE_MAC_SDK_PATH[sdk=iphonesimulator*]" = "/Applications/Xcode.app/Contents/Developer/Platforms/iPhoneSimulator.platform/Developer/SDKs/iPhoneSimulator12.2.sdk";
				"QMAKE_MAC_SDK_PLATFORM_PATH[sdk=iphoneos*]" = "/Applications/Xcode.app/Contents/Developer/Platforms/iPhoneOS.platform";
				"QMAKE_MAC_SDK_PLATFORM_PATH[sdk=iphonesimulator*]" = "/Applications/Xcode.app/Contents/Developer/Platforms/iPhoneSimulator.platform";
				QMAKE_PKGINFO_TYPEINFO = "????";
				QT_LIBRARY_SUFFIX = "";
				SDKROOT = "iphoneos";
				TARGETED_DEVICE_FAMILY = "1,2";
				GCC_VERSION = com.apple.compilers.llvm.clang.1_0;
				CC = "/Applications/Xcode.app/Contents/Developer/Toolchains/XcodeDefault.xctoolchain/usr/bin/clang";
				LDPLUSPLUS = "/Applications/Xcode.app/Contents/Developer/Toolchains/XcodeDefault.xctoolchain/usr/bin/clang++";
				INFOPLIST_FILE = "Info.plist";
				SYMROOT = "/Users/raytomatsu/Documents/repo_bergerb_fawcettm_shawcw_tomatsur/build-BeeProject-Qt_5_12_1_for_iOS-Release/GUIPackage/.xcode";
				CONFIGURATION_BUILD_DIR = "/Users/raytomatsu/Documents/repo_bergerb_fawcettm_shawcw_tomatsur/build-BeeProject-Qt_5_12_1_for_iOS-Release/GUIPackage/$(CONFIGURATION)$(EFFECTIVE_PLATFORM_NAME)";
				DYLIB_CURRENT_VERSION = "1.0.0";
				DYLIB_COMPATIBILITY_VERSION = "1.0";
				IPHONEOS_DEPLOYMENT_TARGET = "11.0";
				CODE_SIGN_IDENTITY = "iPhone Developer";
				HEADER_SEARCH_PATHS = (
					"../../BeeProject/GUIPackage",
					".",
					"../../../../Qt/5.12.1/ios/mkspecs/common/uikit",
					"../../../../Qt/5.12.1/ios/include",
					"../../../../Qt/5.12.1/ios/include/QtWidgets",
					"../../../../Qt/5.12.1/ios/include/QtGui",
					"../../../../Qt/5.12.1/ios/include/QtNetwork",
					"../../../../Qt/5.12.1/ios/include/QtCore",
					".",
					".",
					"../../../../Qt/5.12.1/ios/mkspecs/macx-ios-clang");
				LIBRARY_SEARCH_PATHS = (
					"/Users/raytomatsu/Qt/5.12.1/ios/plugins/platforms",
					"/System/Library/Frameworks/",
					"/Users/raytomatsu/Qt/5.12.1/ios/lib",
					"/Users/raytomatsu/Qt/5.12.1/ios/plugins/imageformats",
					"/Users/raytomatsu/Qt/5.12.1/ios/plugins/bearer");
				FRAMEWORK_SEARCH_PATHS = "";
				OTHER_CFLAGS = (
					"-pipe",
					"-O2",
					"-fobjc-nonfragile-abi",
					"-fobjc-legacy-dispatch",
					"-Wall",
					"-W",
					"-fPIC",
					"-DQT_COMPILER_SUPPORTS_SSE2",
					"-DQT_DEPRECATED_WARNINGS",
					"-DQT_NO_DEBUG",
					"-DQT_WIDGETS_LIB",
					"-DQT_GUI_LIB",
					"-DQT_NETWORK_LIB",
					"-DQT_CORE_LIB");
				OTHER_CPLUSPLUSFLAGS = (
					"-pipe",
					"-stdlib=libc++",
					"-O2",
					"-std=gnu++11",
					"-fobjc-nonfragile-abi",
					"-fobjc-legacy-dispatch",
					"-Wall",
					"-W",
					"-fPIC",
					"-DQT_COMPILER_SUPPORTS_SSE2",
					"-DQT_DEPRECATED_WARNINGS",
					"-DQT_NO_DEBUG",
					"-DQT_WIDGETS_LIB",
					"-DQT_GUI_LIB",
					"-DQT_NETWORK_LIB",
					"-DQT_CORE_LIB");
				OTHER_LDFLAGS = (
						"-stdlib=libc++",
						"-Wl,-e,_qt_main_wrapper",
						"-Wl,-rpath,@executable_path/Frameworks",
						"-L/Users/raytomatsu/Qt/5.12.1/ios/plugins/platforms",
						"-framework",
						"UIKit",
						"-framework",
						"AssetsLibrary",
						"-L/Users/raytomatsu/Qt/5.12.1/ios/lib",
						"-framework",
						"MobileCoreServices",
						"-framework",
						"OpenGLES",
						"-L/Users/raytomatsu/Qt/5.12.1/ios/plugins/imageformats",
						"-L/Users/raytomatsu/Qt/5.12.1/ios/plugins/bearer",
						"-lm");
				ARCHS = "arm64 x86_64";
			};
			name = "Release";
		};
		6666AA5E688052234F6758D8 = {
			isa = XCBuildConfiguration;
			buildSettings = {
				APPLICATION_EXTENSION_API_ONLY = "NO";
				"ARCHS[sdk=iphoneos*]" = "arm64";
				"ARCHS[sdk=iphonesimulator*]" = "x86_64";
				COPY_PHASE_STRIP = "NO";
				ENABLE_BITCODE = "YES";
				PRODUCT_BUNDLE_IDENTIFIER = "com.yourcompany.${PRODUCT_NAME:rfc1034identifier}";
				PRODUCT_NAME = "GUI";
				"QMAKE_MAC_SDK_PATH[sdk=iphoneos*]" = "/Applications/Xcode.app/Contents/Developer/Platforms/iPhoneOS.platform/Developer/SDKs/iPhoneOS12.2.sdk";
				"QMAKE_MAC_SDK_PATH[sdk=iphonesimulator*]" = "/Applications/Xcode.app/Contents/Developer/Platforms/iPhoneSimulator.platform/Developer/SDKs/iPhoneSimulator12.2.sdk";
				"QMAKE_MAC_SDK_PLATFORM_PATH[sdk=iphoneos*]" = "/Applications/Xcode.app/Contents/Developer/Platforms/iPhoneOS.platform";
				"QMAKE_MAC_SDK_PLATFORM_PATH[sdk=iphonesimulator*]" = "/Applications/Xcode.app/Contents/Developer/Platforms/iPhoneSimulator.platform";
				QMAKE_PKGINFO_TYPEINFO = "????";
				QT_LIBRARY_SUFFIX = "";
				SDKROOT = "iphoneos";
				TARGETED_DEVICE_FAMILY = "1,2";
				PRODUCT_NAME = "GUI";
			};
			name = "Release";
		};
		DAC4C1AA5EDEA1C85E9CA5E6 = {
			isa = XCConfigurationList;
			buildConfigurations = (
				"3AA6C32AC930069E80220CF1",
				"339EE1B2CC4FC24589A0EA95");
			defaultConfigurationIsVisible = 0;
			defaultConfigurationName = "Release";
		};
		6CC3B5D2136C7CD6A5CF5A59 = {
			isa = XCConfigurationList;
			buildConfigurations = (
				"77418F46922677BB04ED38DD",
				"6666AA5E688052234F6758D8");
			defaultConfigurationIsVisible = 0;
			defaultConfigurationName = "Release";
		};
		6DB9C3763D02B1415CD9D565 = {
			hasScannedForEncodings = 1;
			compatibilityVersion = "Xcode 3.2";
			isa = PBXProject;
			mainGroup = "E8C543AB96796ECAA2E65C57";
			productRefGroup = "FE0A091FDBFB3E9C31B7A1BD";
			buildConfigurationList = "DAC4C1AA5EDEA1C85E9CA5E6";
			projectDirPath = "";
			projectRoot = "";
			targets = (
				"DA0F20DAD0B01E18EAFE123C",
				"F6C62FFF18D663900E297523");
			attributes = {
				TargetAttributes = {
				};
			};
		};
	};
	rootObject = "6DB9C3763D02B1415CD9D565";
}
